lockfileVersion: '9.0'

settings:
  autoInstallPeers: true
  excludeLinksFromLockfile: false

overrides:
  js-yaml: ^4.2.0
  lodash: ^4.17.23
  fast-uri: ^3.1.2
  brace-expansion: ^5.0.9

pnpmfileChecksum: sha256-wCnr06PAd8UFgHozmM/BtyhvhF3omIkF4NdQdiskJxs=

importers:

  .:
    dependencies:
      '@chainlink/ace':
        specifier: 1.0.0
        version: 1.0.0
      '@chainlink/contracts':
        specifier: 1.6.0-beta.0
        version: 1.6.0-beta.0
      '@openzeppelin/contracts-4.9.6':
        specifier: npm:@openzeppelin/contracts@4.9.6
        version: '@openzeppelin/contracts@4.9.6'
      '@openzeppelin/contracts-5.3.0':
        specifier: npm:@openzeppelin/contracts@5.3.0
        version: '@openzeppelin/contracts@5.3.0'
    devDependencies:
      '@changesets/cli':
        specifier: ^3.0.1
        version: 3.0.1
      '@changesets/get-github-info':
        specifier: ^1.0.0
        version: 1.0.0
      forge-std:
        specifier: github:foundry-rs/forge-std#v1.16.1
        version: https://codeload.github.com/foundry-rs/forge-std/tar.gz/620536fa5277db4e3fd46772d5cbc1ea0696fb43
      semver:
        specifier: ^7.8.5
        version: 7.8.5
      solhint:
        specifier: ^6.2.4
        version: 6.2.4
      solhint-plugin-chainlink-solidity:
        specifier: github:smartcontractkit/chainlink-solhint-rules#v1.2.1
        version: '@chainlink/solhint-plugin-chainlink-solidity@https://codeload.github.com/smartcontractkit/chainlink-solhint-rules/tar.gz/1b4c0c2663fcd983589d4f33a2e73908624ed43c'

packages:

  '@babel/code-frame@7.27.1':
    resolution: {integrity: sha512-cjQ7ZlQ0Mv3b47hABuTevyTuYN4i+loJKGeV9flcCgIK37cCXRh+L1bd3iBHlynerhQ7BhCkn2BPbQUL+rGqFg==, tarball: https://registry.npmjs.org/@babel/code-frame/-/code-frame-7.27.1.tgz}
    engines: {node: '>=6.9.0'}

  '@babel/helper-validator-identifier@7.27.1':
    resolution: {integrity: sha512-D2hP9eA+Sqx1kBZgzxZh0y1trbuU+JoDkiEwqhQ36nodYqJwyEIhPSdMNd7lOm/4io72luTPWH20Yda0xOuUow==, tarball: https://registry.npmjs.org/@babel/helper-validator-identifier/-/helper-validator-identifier-7.27.1.tgz}
    engines: {node: '>=6.9.0'}

  '@chainlink/ace@1.0.0':
    resolution: {integrity: sha512-lamF+fabw5cyIQ+7PA5QkEl0GyHmmH3lc875jrspo9VxsxiKbMxDcRDGPEuubFQS3Zcx7H/Z80C72+Xm/FgeqA==}

  '@chainlink/contracts@1.6.0-beta.0':
    resolution: {integrity: sha512-4M9KUa2wDEVYAfpxpgwm6BIEClWSVbaojB0S8QyeJ5O2sRUQTw9J5zjojBIDod1+Pg4pxnDP4xeP/EWIUHxQiw==, tarball: https://registry.npmjs.org/@chainlink/contracts/-/contracts-1.6.0-beta.0.tgz}
    engines: {node: '>=22', pnpm: '>=10'}

  '@chainlink/solhint-plugin-chainlink-solidity@https://codeload.github.com/smartcontractkit/chainlink-solhint-rules/tar.gz/1b4c0c2663fcd983589d4f33a2e73908624ed43c':
    resolution: {gitHosted: true, tarball: https://codeload.github.com/smartcontractkit/chainlink-solhint-rules/tar.gz/1b4c0c2663fcd983589d4f33a2e73908624ed43c}
    version: 1.2.0

  '@changesets/apply-release-plan@8.0.0':
    resolution: {integrity: sha512-kUd2pbf1w5/AYmBMb0Tt+rkIPCjFJdT0SZMrkOjJT/WV/QbtmvkyB5jkV0oaNPheavprZk+SfUiozUti7TIL2w==, tarball: https://registry.npmjs.org/@changesets/apply-release-plan/-/apply-release-plan-8.0.0.tgz}
    engines: {node: ^22.11 || ^24 || >=26}

  '@changesets/assemble-release-plan@7.0.0':
    resolution: {integrity: sha512-oEW8BxdA604kGGtDSCiHr5w9Tv4UWe9I2k61IBNZzCOE1kbYaJj4v+lFQNgcEZFkUc2pV/+hASErGDvpJOZCTg==, tarball: https://registry.npmjs.org/@changesets/assemble-release-plan/-/assemble-release-plan-7.0.0.tgz}
    engines: {node: ^22.11 || ^24 || >=26}

  '@changesets/changelog-git@1.0.0':
    resolution: {integrity: sha512-3Dst2Ime2Op5nd4XmWJLPIgp11ZFqJqSkVug9izK6TDcIV4YlhPS4ECbEVR+eGI0bk0r1ItogD4j2Oli87bJrA==, tarball: https://registry.npmjs.org/@changesets/changelog-git/-/changelog-git-1.0.0.tgz}
    engines: {node: ^22.11 || ^24 || >=26}

  '@changesets/cli@3.0.1':
    resolution: {integrity: sha512-3IVpRSgiKDj2aRbBHKtWTXSRH2/iR3bWxau9iQUoEsZjDhRIj9nhl90k7FWMxZAJvLgJBbgMq8+qS0xQsenYsQ==, tarball: https://registry.npmjs.org/@changesets/cli/-/cli-3.0.1.tgz}
    engines: {node: ^22.11 || ^24 || >=26, npm: '>=10.9.0', pnpm: '>=10.0.0', yarn: '>=4.5.2'}
    hasBin: true

  '@changesets/config@4.0.0':
    resolution: {integrity: sha512-mw95/YrkOuhZZxfnVAA4bSXOFUi+KlhzOBTM8C4x777NhUU6HWIl9Z+K+nME+E4PVsv5NQVQwTfiHihAS1A/ow==, tarball: https://registry.npmjs.org/@changesets/config/-/config-4.0.0.tgz}
    engines: {node: ^22.11 || ^24 || >=26}

  '@changesets/errors@1.0.0':
    resolution: {integrity: sha512-ElN/mEzn6zmETgjwf5MclCMa9ef59sAR0lfO8VSYIsiRvbC2FbLB/92EoYw10Sl0kGixxHFiJZUSv7dA+YpR8g==, tarball: https://registry.npmjs.org/@changesets/errors/-/errors-1.0.0.tgz}
    engines: {node: ^22.11 || ^24 || >=26}

  '@changesets/format@0.1.2':
    resolution: {integrity: sha512-Caez5XtNXCFS/G5bwyav3wuXL0tMxVd2ZGbaumWbzN08tyzO21asCw7JZhNtVsAZDCvDRUzZN+Iit9SyRITSYA==, tarball: https://registry.npmjs.org/@changesets/format/-/format-0.1.2.tgz}
    engines: {node: ^22.11 || ^24 || >=26}

  '@changesets/get-dependents-graph@3.0.0':
    resolution: {integrity: sha512-ji/t5wFA1zREKXRUePE6Qi+Qu2UgxCeSSGQrphezwvQZrp49B7sJ+8+wvM0tA7zPeSxYKCojDy3WWgrl+s+awg==, tarball: https://registry.npmjs.org/@changesets/get-dependents-graph/-/get-dependents-graph-3.0.0.tgz}
    engines: {node: ^22.11 || ^24 || >=26}

  '@changesets/get-github-info@1.0.0':
    resolution: {integrity: sha512-nf5zPSqEKW0eXiJ4ltbjyIQ/srUHfxbghkLCjKdOLI3LehKXhiqxXcpja39eGPaj6qqGx2lFCrLJ7VWYUf9H2w==, tarball: https://registry.npmjs.org/@changesets/get-github-info/-/get-github-info-1.0.0.tgz}
    engines: {node: ^22.11 || ^24 || >=26}

  '@changesets/git@4.0.0':
    resolution: {integrity: sha512-uIEswpPUgzBBqrC0qg13byNaPorzhf05LE2T+gRizEKCXvMsJC6NPJp5iNDSV/gYj4Viqh09UiOF5E7XWeH5lQ==, tarball: https://registry.npmjs.org/@changesets/git/-/git-4.0.0.tgz}
    engines: {node: ^22.11 || ^24 || >=26}

  '@changesets/parse@1.0.0':
    resolution: {integrity: sha512-P0iaMb9p9CRYZiTgAllEIF9AUMQHIy1G72tKlcIqJp61icZSsKQNiOPdxAMZG8m/DvZwt/oz5xEbTpike//dWg==, tarball: https://registry.npmjs.org/@changesets/parse/-/parse-1.0.0.tgz}
    engines: {node: ^22.11 || ^24 || >=26}

  '@changesets/pre@3.0.0':
    resolution: {integrity: sha512-Zm/6YliV/a2oeWTqHJf6KxLrQwgcK1i/BRDl2m0EKZvbnxV5fG9QRhwJJGshjsZTUTS6dkfURQ2K6aAvgNw/3Q==, tarball: https://registry.npmjs.org/@changesets/pre/-/pre-3.0.0.tgz}
    engines: {node: ^22.11 || ^24 || >=26}

  '@changesets/read@1.0.0':
    resolution: {integrity: sha512-8TdE2PwG6yArPt5Ozej83Z6iHz1G8BDBKvIEKZ455MccR4K3GNbLR2XqjBxa+5yLFnEd3xAOPXYboBg1pt8stQ==, tarball: https://registry.npmjs.org/@changesets/read/-/read-1.0.0.tgz}
    engines: {node: ^22.11 || ^24 || >=26}

  '@changesets/should-skip-package@1.0.0':
    resolution: {integrity: sha512-pwqoJmbONn1XgXmZXPEExgAaT+HdZLjALFTDgIm+PnS5KeO2nLtzA2/Q+4aMFY14kFMuXKG30MObhvDzWgzDgg==, tarball: https://registry.npmjs.org/@changesets/should-skip-package/-/should-skip-package-1.0.0.tgz}
    engines: {node: ^22.11 || ^24 || >=26}

  '@changesets/types@7.0.0':
    resolution: {integrity: sha512-c5GoiQyt3pxiXjrWSNoP8/GRf4kG+VnKzovx1OQM8dYYALlSwgedmkPmJ+ZqGxqwg9D3Bkj85Uo4KLd5BN3A0w==, tarball: https://registry.npmjs.org/@changesets/types/-/types-7.0.0.tgz}
    engines: {node: ^22.11 || ^24 || >=26}

  '@changesets/write@1.0.1':
    resolution: {integrity: sha512-q/ThtP9gcnEP6xlv7LrY26C2mHqdGBti/MmOVngt/M/oIGYkssmQGxPK9WzBNt2juVcH/vml2WQ+ra8LXYOTaA==, tarball: https://registry.npmjs.org/@changesets/write/-/write-1.0.1.tgz}
    engines: {node: ^22.11 || ^24 || >=26}

  '@clack/core@1.4.3':
    resolution: {integrity: sha512-/kr3UWNtdJfxZtPgDqUOmG2pvwlmcLGheex5yiZKdwbzZJxhV+HMNR9QNmyY5cGwTNV6LrR7Jtp+KjhUAP1qBQ==, tarball: https://registry.npmjs.org/@clack/core/-/core-1.4.3.tgz}
    engines: {node: '>= 20.12.0'}

  '@clack/prompts@1.7.0':
    resolution: {integrity: sha512-y7/yvZ2TPAnR9+jnc00klvNNLkJiXFFrQA/hlLCcxA9a2A4zQIOimyFQ9XfwYKiGD1fb5GY8vbKIIgO8d5Tb2A==, tarball: https://registry.npmjs.org/@clack/prompts/-/prompts-1.7.0.tgz}
    engines: {node: '>= 20.12.0'}

  '@humanwhocodes/momoa@2.0.4':
    resolution: {integrity: sha512-RE815I4arJFtt+FVeU1Tgp9/Xvecacji8w/V6XtXsWWH/wz/eNkNbhb+ny/+PlVZjV0rxQpRSQKNKE3lcktHEA==, tarball: https://registry.npmjs.org/@humanwhocodes/momoa/-/momoa-2.0.4.tgz}
    engines: {node: '>=10.10.0'}

  '@manypkg/find-root@3.1.0':
    resolution: {integrity: sha512-BcSqCyKhBVZ5YkSzOiheMCV41kqAFptW6xGqYSTjkVTl9XQpr+pqHhwgGCOHQtjDCv7Is6EFyA14Sm5GVbVABA==, tarball: https://registry.npmjs.org/@manypkg/find-root/-/find-root-3.1.0.tgz}
    engines: {node: '>=20.0.0'}

  '@manypkg/get-packages@3.1.0':
    resolution: {integrity: sha512-0TbBVyvPrP7xGYBI/cP8UP+yl/z+HtbTttAD7FMAJgn/kXOTwh5/60TsqP9ZYY710forNfyV0N8P/IE/ujGZJg==, tarball: https://registry.npmjs.org/@manypkg/get-packages/-/get-packages-3.1.0.tgz}
    engines: {node: '>=20.0.0'}

  '@manypkg/tools@2.1.2':
    resolution: {integrity: sha512-6QEf6yqFbETdwGITKq57aYoPfX/3K8XFNwsAlx0C1M7o8cb79sv1M3w+tWuWvIcSbNqrLF7OD7YpZMVVz335hQ==, tarball: https://registry.npmjs.org/@manypkg/tools/-/tools-2.1.2.tgz}
    engines: {node: '>=20.0.0'}

  '@openzeppelin/contracts@4.9.6':
    resolution: {integrity: sha512-xSmezSupL+y9VkHZJGDoCBpmnB2ogM13ccaYDWqJTfS3dbuHkgjuwDFUmaFauBCboQMGB/S5UqUl2y54X99BmA==, tarball: https://registry.npmjs.org/@openzeppelin/contracts/-/contracts-4.9.6.tgz}

  '@openzeppelin/contracts@5.3.0':
    resolution: {integrity: sha512-zj/KGoW7zxWUE8qOI++rUM18v+VeLTTzKs/DJFkSzHpQFPD/jKKF0TrMxBfGLl3kpdELCNccvB3zmofSzm4nlA==}

  '@pnpm/config.env-replace@1.1.0':
    resolution: {integrity: sha512-htyl8TWnKL7K/ESFa1oW2UB5lVDxuF5DpM7tBi6Hu2LNL3mWkIzNLG6N4zoCUP1lCKNxWy/3iu8mS8MvToGd6w==, tarball: https://registry.npmjs.org/@pnpm/config.env-replace/-/config.env-replace-1.1.0.tgz}
    engines: {node: '>=12.22.0'}

  '@pnpm/deps.graph-sequencer@1100.0.1':
    resolution: {integrity: sha512-pOr5+q1fLYKwFN3LAJuGZEnfXDcQ73zqgDHMtGy+K+uIoUqyY+6MeDCWFwfu+4EFuq76I5EPFofoNAI+Bmmq4A==, tarball: https://registry.npmjs.org/@pnpm/deps.graph-sequencer/-/deps.graph-sequencer-1100.0.1.tgz}
    engines: {node: '>=22.13'}

  '@pnpm/network.ca-file@1.0.2':
    resolution: {integrity: sha512-YcPQ8a0jwYU9bTdJDpXjMi7Brhkr1mXsXrUJvjqM2mQDgkRiz8jFaQGOdaLxgjtUfQgZhKy/O3cG/YwmgKaxLA==, tarball: https://registry.npmjs.org/@pnpm/network.ca-file/-/network.ca-file-1.0.2.tgz}
    engines: {node: '>=12.22.0'}

  '@pnpm/npm-conf@2.3.1':
    resolution: {integrity: sha512-c83qWb22rNRuB0UaVCI0uRPNRr8Z0FWnEIvT47jiHAmOIUHbBOg5XvV7pM5x+rKn9HRpjxquDbXYSXr3fAKFcw==, tarball: https://registry.npmjs.org/@pnpm/npm-conf/-/npm-conf-2.3.1.tgz}
    engines: {node: '>=12'}

  '@sindresorhus/is@5.6.0':
    resolution: {integrity: sha512-TV7t8GKYaJWsn00tFDqBw8+Uqmr8A0fRU1tvTQhyZzGv0sJCGRQL3JGMI3ucuKo3XIZdUP+Lx7/gh2t3lewy7g==, tarball: https://registry.npmjs.org/@sindresorhus/is/-/is-5.6.0.tgz}
    engines: {node: '>=14.16'}

  '@solidity-parser/parser@0.20.2':
    resolution: {integrity: sha512-rbu0bzwNvMcwAjH86hiEAcOeRI2EeK8zCkHDrFykh/Al8mvJeFmjy3UrE7GYQjNwOgbGUUtCn5/k8CB8zIu7QA==, tarball: https://registry.npmjs.org/@solidity-parser/parser/-/parser-0.20.2.tgz}

  '@szmarczak/http-timer@5.0.1':
    resolution: {integrity: sha512-+PmQX0PiAYPMeVYe237LJAYvOMYW1j2rH5YROyS3b4CTVJum34HfRvKvAzozHAQG0TnHNdUfY9nCeUyRAs//cw==, tarball: https://registry.npmjs.org/@szmarczak/http-timer/-/http-timer-5.0.1.tgz}
    engines: {node: '>=14.16'}

  '@types/http-cache-semantics@4.0.4':
    resolution: {integrity: sha512-1m0bIFVc7eJWyve9S0RnuRgcQqF/Xd5QsUZAZeQFr1Q3/p9JWoQQEqmVy+DPTNpGXwhgIetAoYF8JSc33q29QA==, tarball: https://registry.npmjs.org/@types/http-cache-semantics/-/http-cache-semantics-4.0.4.tgz}

  ajv@8.20.0:
    resolution: {integrity: sha512-Thbli+OlOj+iMPYFBVBfJ3OmCAnaSyNn4M1vz9T6Gka5Jt9ba/HIR56joy65tY6kx/FCF5VXNB819Y7/GUrBGA==, tarball: https://registry.npmjs.org/ajv/-/ajv-8.20.0.tgz}

  ansi-regex@5.0.1:
    resolution: {integrity: sha512-quJQXlTSUGL2LH9SUXo8VwsY4soanhgo6LNSm84E1LBcE8s3O0wpdiRzyR9z/ZZJMlMWv37qOOb9pdJlMUEKFQ==, tarball: https://registry.npmjs.org/ansi-regex/-/ansi-regex-5.0.1.tgz}
    engines: {node: '>=8'}

  ansi-styles@4.3.0:
    resolution: {integrity: sha512-zbB9rCJAT1rbjiVDb2hqKFHNYLxgtk8NURxZ3IZwD3F6NtxbXZQCnnSi1Lkx+IDohdPlFp222wVALIheZJQSEg==, tarball: https://registry.npmjs.org/ansi-styles/-/ansi-styles-4.3.0.tgz}
    engines: {node: '>=8'}

  argparse@2.0.1:
    resolution: {integrity: sha512-8+9WqebbFzpX9OR+Wa6O29asIogeRMzcGtAINdpMHHyAg10f05aSFVBbcEqGf/PXw1EjAZ+q2/bEBg3DvurK3Q==, tarball: https://registry.npmjs.org/argparse/-/argparse-2.0.1.tgz}

  ast-parents@0.0.1:
    resolution: {integrity: sha512-XHusKxKz3zoYk1ic8Un640joHbFMhbqneyoZfoKnEGtf2ey9Uh/IdpcQplODdO/kENaMIWsD0nJm4+wX3UNLHA==, tarball: https://registry.npmjs.org/ast-parents/-/ast-parents-0.0.1.tgz}

  astral-regex@2.0.0:
    resolution: {integrity: sha512-Z7tMw1ytTXt5jqMcOP+OQteU1VuNK9Y02uuJtKQ1Sv69jXQKKg5cibLwGJow8yzZP+eAc18EmLGPal0bp36rvQ==, tarball: https://registry.npmjs.org/astral-regex/-/astral-regex-2.0.0.tgz}
    engines: {node: '>=8'}

  balanced-match@4.0.4:
    resolution: {integrity: sha512-BLrgEcRTwX2o6gGxGOCNyMvGSp35YofuYzw9h1IMTRmKqttAZZVU67bdb9Pr2vUHA8+j3i2tJfjO6C6+4myGTA==, tarball: https://registry.npmjs.org/balanced-match/-/balanced-match-4.0.4.tgz}
    engines: {node: 18 || 20 || >=22}

  better-ajv-errors@2.0.2:
    resolution: {integrity: sha512-1cLrJXEq46n0hjV8dDYwg9LKYjDb3KbeW7nZTv4kvfoDD9c2DXHIE31nxM+Y/cIfXMggLUfmxbm6h/JoM/yotA==, tarball: https://registry.npmjs.org/better-ajv-errors/-/better-ajv-errors-2.0.2.tgz}
    engines: {node: '>= 18.20.6'}
    peerDependencies:
      ajv: 4.11.8 - 8

  brace-expansion@5.0.9:
    resolution: {integrity: sha512-ScQ4IuvIEF1TMlP7Zt+vjJ//9zlPb2SDcxWxM3bk8s6t6GGdJ7KO1dCcTidOPJKePW30LE/2cT7wCyPho9/Wxg==, tarball: https://registry.npmjs.org/brace-expansion/-/brace-expansion-5.0.9.tgz}
    engines: {node: 20 || >=22}

  cac@7.0.0:
    resolution: {integrity: sha512-tixWYgm5ZoOD+3g6UTea91eow5z6AAHaho3g0V9CNSNb45gM8SmflpAc+GRd1InC4AqN/07Unrgp56Y94N9hJQ==, tarball: https://registry.npmjs.org/cac/-/cac-7.0.0.tgz}
    engines: {node: '>=20.19.0'}

  cacheable-lookup@7.0.0:
    resolution: {integrity: sha512-+qJyx4xiKra8mZrcwhjMRMUhD5NR1R8esPkzIYxX96JiecFoxAXFuz/GpR3+ev4PE1WamHip78wV0vcmPQtp8w==, tarball: https://registry.npmjs.org/cacheable-lookup/-/cacheable-lookup-7.0.0.tgz}
    engines: {node: '>=14.16'}

  cacheable-request@10.2.14:
    resolution: {integrity: sha512-zkDT5WAF4hSSoUgyfg5tFIxz8XQK+25W/TLVojJTMKBaxevLBBtLxgqguAuVQB8PVW79FVjHcU+GJ9tVbDZ9mQ==, tarball: https://registry.npmjs.org/cacheable-request/-/cacheable-request-10.2.14.tgz}
    engines: {node: '>=14.16'}

  callsites@3.1.0:
    resolution: {integrity: sha512-P8BjAsXvZS+VIDUI11hHCQEv74YT67YUi5JJFNWIqL235sBmjX4+qx9Muvls5ivyNENctx46xQLQ3aTuE7ssaQ==, tarball: https://registry.npmjs.org/callsites/-/callsites-3.1.0.tgz}
    engines: {node: '>=6'}

  chalk@4.1.2:
    resolution: {integrity: sha512-oKnbhFyRIXpUuez8iBMmyEa4nbj4IOQyuhc/wy9kY7/WVPcwIO9VA668Pu8RkO7+0G76SLROeyw9CpQ061i4mA==, tarball: https://registry.npmjs.org/chalk/-/chalk-4.1.2.tgz}
    engines: {node: '>=10'}

  color-convert@2.0.1:
    resolution: {integrity: sha512-RRECPsj7iu/xb5oKYcsFHSppFNnsj/52OVTRKb4zP5onXwVF3zVmmToNcOfGC+CRDpfK/U584fMg38ZHCaElKQ==, tarball: https://registry.npmjs.org/color-convert/-/color-convert-2.0.1.tgz}
    engines: {node: '>=7.0.0'}

  color-name@1.1.4:
    resolution: {integrity: sha512-dOy+3AuW3a2wNbZHIuMZpTcgjGuLU/uBL/ubcZF9OXbDo8ff4O8yVp5Bf0efS8uEoYo5q4Fx7dY9OgQGXgAsQA==, tarball: https://registry.npmjs.org/color-name/-/color-name-1.1.4.tgz}

  commander@10.0.1:
    resolution: {integrity: sha512-y4Mg2tXshplEbSGzx7amzPwKKOCGuoSRP/CjEdwwk0FOGlUbq6lKuoyDZTNZkmxHdJtp54hdfY/JUrdL7Xfdug==, tarball: https://registry.npmjs.org/commander/-/commander-10.0.1.tgz}
    engines: {node: '>=14'}

  config-chain@1.1.13:
    resolution: {integrity: sha512-qj+f8APARXHrM0hraqXYb2/bOVSV4PvJQlNZ/DVj0QrmNM2q2euizkeuVckQ57J+W0mRH6Hvi+k50M4Jul2VRQ==, tarball: https://registry.npmjs.org/config-chain/-/config-chain-1.1.13.tgz}

  cosmiconfig@8.3.6:
    resolution: {integrity: sha512-kcZ6+W5QzcJ3P1Mt+83OUv/oHFqZHIx8DuxG6eZ5RGMERoLqp4BuGjhHLYGK+Kf5XVkQvqBSmAy/nGWN3qDgEA==, tarball: https://registry.npmjs.org/cosmiconfig/-/cosmiconfig-8.3.6.tgz}
    engines: {node: '>=14'}
    peerDependencies:
      typescript: '>=4.9.5'
    peerDependenciesMeta:
      typescript:
        optional: true

  dataloader@2.2.3:
    resolution: {integrity: sha512-y2krtASINtPFS1rSDjacrFgn1dcUuoREVabwlOGOe4SdxenREqwjwjElAdwvbGM7kgZz9a3KVicWR7vcz8rnzA==, tarball: https://registry.npmjs.org/dataloader/-/dataloader-2.2.3.tgz}

  decompress-response@6.0.0:
    resolution: {integrity: sha512-aW35yZM6Bb/4oJlZncMH2LCoZtJXTRxES17vE3hoRiowU2kWHaJKFkSBDnDR+cm9J+9QhXmREyIfv0pji9ejCQ==, tarball: https://registry.npmjs.org/decompress-response/-/decompress-response-6.0.0.tgz}
    engines: {node: '>=10'}

  deep-extend@0.6.0:
    resolution: {integrity: sha512-LOHxIOaPYdHlJRtCQfDIVZtfw/ufM8+rVj649RIHzcm/vGwQRXFt6OPqIFWsm2XEMrNIEtWR64sY1LEKD2vAOA==, tarball: https://registry.npmjs.org/deep-extend/-/deep-extend-0.6.0.tgz}
    engines: {node: '>=4.0.0'}

  defer-to-connect@2.0.1:
    resolution: {integrity: sha512-4tvttepXG1VaYGrRibk5EwJd1t4udunSOVMdLSAL6mId1ix438oPwPZMALY41FCijukO1L0twNcGsdzS7dHgDg==, tarball: https://registry.npmjs.org/defer-to-connect/-/defer-to-connect-2.0.1.tgz}
    engines: {node: '>=10'}

  emoji-regex@8.0.0:
    resolution: {integrity: sha512-MSjYzcWNOA0ewAHpz0MxpYFvwg6yjy1NG3xteoqz644VCo/RPgnr1/GGt+ic3iJTzQ8Eu3TdM14SawnVUmGE6A==, tarball: https://registry.npmjs.org/emoji-regex/-/emoji-regex-8.0.0.tgz}

  error-ex@1.3.2:
    resolution: {integrity: sha512-7dFHNmqeFSEt2ZBsCriorKnn3Z2pj+fd9kmI6QoWw4//DL+icEBfc0U7qJCisqrTsKTjw4fNFy2pW9OqStD84g==, tarball: https://registry.npmjs.org/error-ex/-/error-ex-1.3.2.tgz}

  fast-deep-equal@3.1.3:
    resolution: {integrity: sha512-f3qQ9oQy9j2AhBe/H9VC91wLmKBCCU/gDOnKNAYG5hswO7BLKj09Hc5HYNz9cGI++xlpDCIgDaitVs03ATR84Q==, tarball: https://registry.npmjs.org/fast-deep-equal/-/fast-deep-equal-3.1.3.tgz}

  fast-diff@1.3.0:
    resolution: {integrity: sha512-VxPP4NqbUjj6MaAOafWeUn2cXWLcCtljklUtZf0Ind4XQ+QPtmA0b18zZy0jIQx+ExRVCR/ZQpBmik5lXshNsw==, tarball: https://registry.npmjs.org/fast-diff/-/fast-diff-1.3.0.tgz}

  fast-string-truncated-width@3.0.3:
    resolution: {integrity: sha512-0jjjIEL6+0jag3l2XWWizO64/aZVtpiGE3t0Zgqxv0DPuxiMjvB3M24fCyhZUO4KomJQPj3LTSUnDP3GpdwC0g==, tarball: https://registry.npmjs.org/fast-string-truncated-width/-/fast-string-truncated-width-3.0.3.tgz}

  fast-string-width@3.0.2:
    resolution: {integrity: sha512-gX8LrtNEI5hq8DVUfRQMbr5lpaS4nMIWV+7XEbXk2b8kiQIizgnlr12B4dA3ZEx3308ze0O4Q1R+cHts8kyUJg==, tarball: https://registry.npmjs.org/fast-string-width/-/fast-string-width-3.0.2.tgz}

  fast-uri@3.1.6:
    resolution: {integrity: sha512-7Ical1vFEMr0onbVzEDIreM22I4khW+fzyQPwvAFWBp1iwdshSZRsL4jjRvPG9JP1uiqMHRto+YU6R2/CzDz5Q==, tarball: https://registry.npmjs.org/fast-uri/-/fast-uri-3.1.6.tgz}

  fast-wrap-ansi@0.2.2:
    resolution: {integrity: sha512-7F2Fl+TjRSenLqlU3UjSH0iyqopqoZIu7eZVpEirP2g1GtWa2G/ecEmBdgz31+Mxr+ELclgg6sokpSFIQiZ02Q==, tarball: https://registry.npmjs.org/fast-wrap-ansi/-/fast-wrap-ansi-0.2.2.tgz}

  fdir@6.5.0:
    resolution: {integrity: sha512-tIbYtZbucOs0BRGqPJkshJUYdL+SDH7dVM8gjy+ERp3WAUjLEFJE+02kanyHtwjWOnwrKYBiwAmM0p4kLJAnXg==, tarball: https://registry.npmjs.org/fdir/-/fdir-6.5.0.tgz}
    engines: {node: '>=12.0.0'}
    peerDependencies:
      picomatch: ^3 || ^4
    peerDependenciesMeta:
      picomatch:
        optional: true

  forge-std@https://codeload.github.com/foundry-rs/forge-std/tar.gz/620536fa5277db4e3fd46772d5cbc1ea0696fb43:
    resolution: {gitHosted: true, integrity: sha512-RxfydS+JX7WEYyF/lS5CKqNirDg5womaWVp+pN48GI01GvTdME4ZYX3OjtGAVf9TUG+IkKyEHScBHijLEWg1iQ==, tarball: https://codeload.github.com/foundry-rs/forge-std/tar.gz/620536fa5277db4e3fd46772d5cbc1ea0696fb43}
    version: 1.16.1

  form-data-encoder@2.1.4:
    resolution: {integrity: sha512-yDYSgNMraqvnxiEXO4hi88+YZxaHC6QKzb5N84iRCTDeRO7ZALpir/lVmf/uXUhnwUr2O4HU8s/n6x+yNjQkHw==, tarball: https://registry.npmjs.org/form-data-encoder/-/form-data-encoder-2.1.4.tgz}
    engines: {node: '>= 14.17'}

  get-stream@6.0.1:
    resolution: {integrity: sha512-ts6Wi+2j3jQjqi70w5AlN8DFnkSwC+MqmxEzdEALB2qXZYV3X/b1CTfgPLGJNMeAWxdPfU8FO1ms3NUfaHCPYg==, tarball: https://registry.npmjs.org/get-stream/-/get-stream-6.0.1.tgz}
    engines: {node: '>=10'}

  glob@13.0.6:
    resolution: {integrity: sha512-Wjlyrolmm8uDpm/ogGyXZXb1Z+Ca2B8NbJwqBVg0axK9GbBeoS7yGV6vjXnYdGm6X53iehEuxxbyiKp8QmN4Vw==, tarball: https://registry.npmjs.org/glob/-/glob-13.0.6.tgz}
    engines: {node: 18 || 20 || >=22}

  got@12.6.1:
    resolution: {integrity: sha512-mThBblvlAF1d4O5oqyvN+ZxLAYwIJK7bpMxgYqPD9okW0C3qm5FFn7k811QrcuEBwaogR3ngOFoCfs6mRv7teQ==, tarball: https://registry.npmjs.org/got/-/got-12.6.1.tgz}
    engines: {node: '>=14.16'}

  graceful-fs@4.2.10:
    resolution: {integrity: sha512-9ByhssR2fPVsNZj478qUUbKfmL0+t5BDVyjShtyZZLiK7ZDAArFFfopyOTj0M05wE2tJPisA4iTnnXl2YoPvOA==, tarball: https://registry.npmjs.org/graceful-fs/-/graceful-fs-4.2.10.tgz}

  has-flag@4.0.0:
    resolution: {integrity: sha512-EykJT/Q1KjTWctppgIAgfSO0tKVuZUjhgMr17kqTumMl6Afv3EISleU7qZUzoXDFTAHTDC4NOoG/ZxU3EvlMPQ==, tarball: https://registry.npmjs.org/has-flag/-/has-flag-4.0.0.tgz}
    engines: {node: '>=8'}

  http-cache-semantics@4.1.1:
    resolution: {integrity: sha512-er295DKPVsV82j5kw1Gjt+ADA/XYHsajl82cGNQG2eyoPkvgUhX+nDIyelzhIWbbsXP39EHcI6l5tYs2FYqYXQ==, tarball: https://registry.npmjs.org/http-cache-semantics/-/http-cache-semantics-4.1.1.tgz}

  http2-wrapper@2.2.1:
    resolution: {integrity: sha512-V5nVw1PAOgfI3Lmeaj2Exmeg7fenjhRUgz1lPSezy1CuhPYbgQtbQj4jZfEAEMlaL+vupsvhjqCyjzob0yxsmQ==, tarball: https://registry.npmjs.org/http2-wrapper/-/http2-wrapper-2.2.1.tgz}
    engines: {node: '>=10.19.0'}

  human-id@4.2.1:
    resolution: {integrity: sha512-zPGsiS+dWoTZtZ4AtpA9Y+BdSFSNWvnouNlWNoUFyAM6xHOHmdCvqO3k8AIbdamCOv4gUFUVNPf6rJFfc4UiJw==, tarball: https://registry.npmjs.org/human-id/-/human-id-4.2.1.tgz}
    hasBin: true

  ignore@5.3.2:
    resolution: {integrity: sha512-hsBTNUqQTDwkWtcdYI2i06Y/nUBEsNEDJKjWdigLvegy8kDuJAS8uRlpkkcQpyEXL0Z/pjDy5HBmMjRCJ2gq+g==, tarball: https://registry.npmjs.org/ignore/-/ignore-5.3.2.tgz}
    engines: {node: '>= 4'}

  import-fresh@3.3.1:
    resolution: {integrity: sha512-TR3KfrTZTYLPB6jUjfx6MF9WcWrHL9su5TObK4ZkYgBdWKPOFoSoQIdEuTuR82pmtxH2spWG9h6etwfr1pLBqQ==, tarball: https://registry.npmjs.org/import-fresh/-/import-fresh-3.3.1.tgz}
    engines: {node: '>=6'}

  import-meta-resolve@4.2.0:
    resolution: {integrity: sha512-Iqv2fzaTQN28s/FwZAoFq0ZSs/7hMAHJVX+w8PZl3cY19Pxk6jFFalxQoIfW2826i/fDLXv8IiEZRIT0lDuWcg==, tarball: https://registry.npmjs.org/import-meta-resolve/-/import-meta-resolve-4.2.0.tgz}

  ini@1.3.8:
    resolution: {integrity: sha512-JV/yugV2uzW5iMRSiZAyDtQd+nxtUnjeLt0acNdw98kKLrvuRVyB80tsREOE7yvGVgalhZ6RNXCmEHkUKBKxew==, tarball: https://registry.npmjs.org/ini/-/ini-1.3.8.tgz}

  is-arrayish@0.2.1:
    resolution: {integrity: sha512-zz06S8t0ozoDXMG+ube26zeCTNXcKIPJZJi8hBrF4idCLms4CG9QtK7qBl1boi5ODzFpjswb5JPmHCbMpjaYzg==, tarball: https://registry.npmjs.org/is-arrayish/-/is-arrayish-0.2.1.tgz}

  is-fullwidth-code-point@3.0.0:
    resolution: {integrity: sha512-zymm5+u+sCsSWyD9qNaejV3DFvhCKclKdizYaJUuHA83RLjb7nSuGnddCHGv0hk+KY7BMAlsWeK4Ueg6EV6XQg==, tarball: https://registry.npmjs.org/is-fullwidth-code-point/-/is-fullwidth-code-point-3.0.0.tgz}
    engines: {node: '>=8'}

  jju@1.4.0:
    resolution: {integrity: sha512-8wb9Yw966OSxApiCt0K3yNJL8pnNeIv+OEq2YMidz4FKP6nonSRoOXc80iXY4JaN2FC11B9qsNmDsm+ZOfMROA==, tarball: https://registry.npmjs.org/jju/-/jju-1.4.0.tgz}

  js-tokens@4.0.0:
    resolution: {integrity: sha512-RdJUflcE3cUzKiMqQgsCu06FPu9UdIJO0beYbPhHN4k6apgJtifcoCtT9bcxOpYBtpD2kCM6Sbzg4CausW/PKQ==, tarball: https://registry.npmjs.org/js-tokens/-/js-tokens-4.0.0.tgz}

  js-yaml@4.3.1:
    resolution: {integrity: sha512-CY6crGq313MX8GkwvB7tzgp99vjQxY1++5y10/BKN/GUfHqWaOGQMNZkBvqSzsZKWk/ijwHlWzzkLulsGHhjWQ==, tarball: https://registry.npmjs.org/js-yaml/-/js-yaml-4.3.1.tgz}
    hasBin: true

  json-buffer@3.0.1:
    resolution: {integrity: sha512-4bV5BfR2mqfQTJm+V5tPPdf+ZpuhiIvTuAB5g8kcrXOZpTT/QwwVRWBywX1ozr6lEuPdbHxwaJlm9G6mI2sfSQ==, tarball: https://registry.npmjs.org/json-buffer/-/json-buffer-3.0.1.tgz}

  json-parse-even-better-errors@2.3.1:
    resolution: {integrity: sha512-xyFwyhro/JEof6Ghe2iz2NcXoj2sloNsWr/XsERDK/oiPCfaNhl5ONfp+jQdAZRQQ0IJWNzH9zIZF7li91kh2w==, tarball: https://registry.npmjs.org/json-parse-even-better-errors/-/json-parse-even-better-errors-2.3.1.tgz}

  json-schema-traverse@1.0.0:
    resolution: {integrity: sha512-NM8/P9n3XjXhIZn1lLhkFaACTOURQXjWhV4BA/RnOv8xvgqtqpAX9IO4mRQxSx1Rlo4tqzeqb0sOlruaOy3dug==, tarball: https://registry.npmjs.org/json-schema-traverse/-/json-schema-traverse-1.0.0.tgz}

  jsonc-parser@3.3.1:
    resolution: {integrity: sha512-HUgH65KyejrUFPvHFPbqOY0rsFip3Bo5wb4ngvdi1EpCYWUQDC5V+Y7mZws+DLkr4M//zQJoanu1SP+87Dv1oQ==, tarball: https://registry.npmjs.org/jsonc-parser/-/jsonc-parser-3.3.1.tgz}

  jsonpointer@5.0.1:
    resolution: {integrity: sha512-p/nXbhSEcu3pZRdkW1OfJhpsVtW1gd4Wa1fnQc9YLiTfAjn0312eMKimbdIQzuZl9aa9xUGaRlP9T/CJE/ditQ==, tarball: https://registry.npmjs.org/jsonpointer/-/jsonpointer-5.0.1.tgz}
    engines: {node: '>=0.10.0'}

  keyv@4.5.4:
    resolution: {integrity: sha512-oxVHkHR/EJf2CNXnWxRLW6mg7JyCCUcG0DtEGmL2ctUo1PNTin1PUil+r/+4r5MpVgC/fn1kjsx7mjSujKqIpw==, tarball: https://registry.npmjs.org/keyv/-/keyv-4.5.4.tgz}

  latest-version@7.0.0:
    resolution: {integrity: sha512-KvNT4XqAMzdcL6ka6Tl3i2lYeFDgXNCuIX+xNx6ZMVR1dFq+idXd9FLKNMOIx0t9mJ9/HudyX4oZWXZQ0UJHeg==, tarball: https://registry.npmjs.org/latest-version/-/latest-version-7.0.0.tgz}
    engines: {node: '>=14.16'}

  launch-editor@2.14.1:
    resolution: {integrity: sha512-QWBrQsMpH7gPr965dsKD/3cKWiNoTjpATQf++Xq63N6sKRGMwlVXz41O1IZTMfZQgBctD/K5Zt06+/I6pP6+HA==, tarball: https://registry.npmjs.org/launch-editor/-/launch-editor-2.14.1.tgz}

  leven@3.1.0:
    resolution: {integrity: sha512-qsda+H8jTaUaN/x5vzW2rzc+8Rw4TAQ/4KjB46IwK5VH+IlVeeeje/EoZRpiXvIqjFgK84QffqPztGI3VBLG1A==, tarball: https://registry.npmjs.org/leven/-/leven-3.1.0.tgz}
    engines: {node: '>=6'}

  lines-and-columns@1.2.4:
    resolution: {integrity: sha512-7ylylesZQ/PV29jhEDl3Ufjo6ZX7gCqJr5F7PKrqc93v7fzSymt1BpwEU8nAUXs8qzzvqhbjhK5QZg6Mt/HkBg==, tarball: https://registry.npmjs.org/lines-and-columns/-/lines-and-columns-1.2.4.tgz}

  lodash.truncate@4.4.2:
    resolution: {integrity: sha512-jttmRe7bRse52OsWIMDLaXxWqRAmtIUccAQ3garviCqJjafXOfNMO0yMfNpdD6zbGaTU0P5Nz7e7gAT6cKmJRw==, tarball: https://registry.npmjs.org/lodash.truncate/-/lodash.truncate-4.4.2.tgz}

  lodash@4.18.1:
    resolution: {integrity: sha512-dMInicTPVE8d1e5otfwmmjlxkZoUpiVLwyeTdUsi/Caj/gfzzblBcCE5sRHV/AsjuCmxWrte2TNGSYuCeCq+0Q==, tarball: https://registry.npmjs.org/lodash/-/lodash-4.18.1.tgz}

  lowercase-keys@3.0.0:
    resolution: {integrity: sha512-ozCC6gdQ+glXOQsveKD0YsDy8DSQFjDTz4zyzEHNV5+JP5D62LmfDZ6o1cycFx9ouG940M5dE8C8CTewdj2YWQ==, tarball: https://registry.npmjs.org/lowercase-keys/-/lowercase-keys-3.0.0.tgz}
    engines: {node: ^12.20.0 || ^14.13.1 || >=16.0.0}

  lru-cache@11.5.1:
    resolution: {integrity: sha512-RPimw/7aMdv2oqRrxKwvZXcPfwBrn/JZ2xYcY9Hus/6LaS3VOAKVWKWgNLCFSiOm1ESXinjsDlidVU7JlnCN2A==, tarball: https://registry.npmjs.org/lru-cache/-/lru-cache-11.5.1.tgz}
    engines: {node: 20 || >=22}

  mimic-response@3.1.0:
    resolution: {integrity: sha512-z0yWI+4FDrrweS8Zmt4Ej5HdJmky15+L2e6Wgn3+iK5fWzb6T3fhNFq2+MeTRb064c6Wr4N/wv0DzQTjNzHNGQ==, tarball: https://registry.npmjs.org/mimic-response/-/mimic-response-3.1.0.tgz}
    engines: {node: '>=10'}

  mimic-response@4.0.0:
    resolution: {integrity: sha512-e5ISH9xMYU0DzrT+jl8q2ze9D6eWBto+I8CNpe+VI+K2J/F/k3PdkdTdz4wvGVH4NTpo+NRYTVIuMQEMMcsLqg==, tarball: https://registry.npmjs.org/mimic-response/-/mimic-response-4.0.0.tgz}
    engines: {node: ^12.20.0 || ^14.13.1 || >=16.0.0}

  minimatch@10.2.5:
    resolution: {integrity: sha512-MULkVLfKGYDFYejP07QOurDLLQpcjk7Fw+7jXS2R2czRQzR56yHRveU5NDJEOviH+hETZKSkIk5c+T23GjFUMg==, tarball: https://registry.npmjs.org/minimatch/-/minimatch-10.2.5.tgz}
    engines: {node: 18 || 20 || >=22}

  minimist@1.2.8:
    resolution: {integrity: sha512-2yyAR8qBkN3YuheJanUpWC5U3bb5osDywNB8RzDVlDwDHbocAJveqqj1u8+SVD7jkWT4yvsHCpWqqWqAxb0zCA==, tarball: https://registry.npmjs.org/minimist/-/minimist-1.2.8.tgz}

  minipass@7.1.3:
    resolution: {integrity: sha512-tEBHqDnIoM/1rXME1zgka9g6Q2lcoCkxHLuc7ODJ5BxbP5d4c2Z5cGgtXAku59200Cx7diuHTOYfSBD8n6mm8A==, tarball: https://registry.npmjs.org/minipass/-/minipass-7.1.3.tgz}
    engines: {node: '>=16 || 14 >=14.17'}

  normalize-url@8.0.1:
    resolution: {integrity: sha512-IO9QvjUMWxPQQhs60oOu10CRkWCiZzSUkzbXGGV9pviYl1fXYcvkzQ5jV9z8Y6un8ARoVRl4EtC6v6jNqbaJ/w==, tarball: https://registry.npmjs.org/normalize-url/-/normalize-url-8.0.1.tgz}
    engines: {node: '>=14.16'}

  p-cancelable@3.0.0:
    resolution: {integrity: sha512-mlVgR3PGuzlo0MmTdk4cXqXWlwQDLnONTAg6sm62XkMJEiRxN3GL3SffkYvqwonbkJBcrI7Uvv5Zh9yjvn2iUw==, tarball: https://registry.npmjs.org/p-cancelable/-/p-cancelable-3.0.0.tgz}
    engines: {node: '>=12.20'}

  package-json@8.1.1:
    resolution: {integrity: sha512-cbH9IAIJHNj9uXi196JVsRlt7cHKak6u/e6AkL/bkRelZ7rlL3X1YKxsZwa36xipOEKAsdtmaG6aAJoM1fx2zA==, tarball: https://registry.npmjs.org/package-json/-/package-json-8.1.1.tgz}
    engines: {node: '>=14.16'}

  package-manager-detector@1.8.0:
    resolution: {integrity: sha512-yQA4H19AmPEoMUeavPMDIe1higySl/gH/yaQrkT/s07Qp+7pp2hYz30N3z2l5BkjVkF9Ow6o0wjJamm2y7Sn0A==, tarball: https://registry.npmjs.org/package-manager-detector/-/package-manager-detector-1.8.0.tgz}

  parent-module@1.0.1:
    resolution: {integrity: sha512-GQ2EWRpQV8/o+Aw8YqtfZZPfNRWZYkbidE9k5rpl/hC3vtHHBfGm2Ifi6qWV+coDGkrUKZAxE3Lot5kcsRlh+g==, tarball: https://registry.npmjs.org/parent-module/-/parent-module-1.0.1.tgz}
    engines: {node: '>=6'}

  parse-json@5.2.0:
    resolution: {integrity: sha512-ayCKvm/phCGxOkYRSCM82iDwct8/EonSEgCSxWxD7ve6jHggsFl4fZVQBPRNgQoKiuV/odhFrGzQXZwbifC8Rg==, tarball: https://registry.npmjs.org/parse-json/-/parse-json-5.2.0.tgz}
    engines: {node: '>=8'}

  path-scurry@2.0.2:
    resolution: {integrity: sha512-3O/iVVsJAPsOnpwWIeD+d6z/7PmqApyQePUtCndjatj/9I5LylHvt5qluFaBT3I5h3r1ejfR056c+FCv+NnNXg==, tarball: https://registry.npmjs.org/path-scurry/-/path-scurry-2.0.2.tgz}
    engines: {node: 18 || 20 || >=22}

  path-type@4.0.0:
    resolution: {integrity: sha512-gDKb8aZMDeD/tZWs9P6+q0J9Mwkdl6xMV8TjnGP3qJVJ06bdMgkbBlLU8IdfOsIsFz2BW1rNVT3XuNEl8zPAvw==, tarball: https://registry.npmjs.org/path-type/-/path-type-4.0.0.tgz}
    engines: {node: '>=8'}

  picocolors@1.1.1:
    resolution: {integrity: sha512-xceH2snhtb5M9liqDsmEw56le376mTZkEX/jEb/RxNFyegNul7eNslCXP9FDj/Lcu0X8KEyMceP2ntpaHrDEVA==, tarball: https://registry.npmjs.org/picocolors/-/picocolors-1.1.1.tgz}

  picomatch@4.0.5:
    resolution: {integrity: sha512-RvwwcruNjI1ncT5xRakeyS9Lf8lcItv34KD+aif+VH9kduAyfYBipGh12274xtenIPZ119/R9BdTBa8gAwSh0A==, tarball: https://registry.npmjs.org/picomatch/-/picomatch-4.0.5.tgz}
    engines: {node: '>=12'}

  pluralize@8.0.0:
    resolution: {integrity: sha512-Nc3IT5yHzflTfbjgqWcCPpo7DaKy4FnpB0l/zCAW0Tc7jxAiuqSxHasntB3D7887LSrA93kDJ9IXovxJYxyLCA==, tarball: https://registry.npmjs.org/pluralize/-/pluralize-8.0.0.tgz}
    engines: {node: '>=4'}

  prettier@3.8.3:
    resolution: {integrity: sha512-7igPTM53cGHMW8xWuVTydi2KO233VFiTNyF5hLJqpilHfmn8C8gPf+PS7dUT64YcXFbiMGZxS9pCSxL/Dxm/Jw==, tarball: https://registry.npmjs.org/prettier/-/prettier-3.8.3.tgz}
    engines: {node: '>=14'}
    hasBin: true

  proto-list@1.2.4:
    resolution: {integrity: sha512-vtK/94akxsTMhe0/cbfpR+syPuszcuwhqVjJq26CuNDgFGj682oRBXOP5MJpv2r7JtE8MsiepGIqvvOTBwn2vA==, tarball: https://registry.npmjs.org/proto-list/-/proto-list-1.2.4.tgz}

  quick-lru@5.1.1:
    resolution: {integrity: sha512-WuyALRjWPDGtt/wzJiadO5AXY+8hZ80hVpe6MyivgraREW751X3SbhRvG3eLKOYN+8VEvqLcf3wdnt44Z4S4SA==, tarball: https://registry.npmjs.org/quick-lru/-/quick-lru-5.1.1.tgz}
    engines: {node: '>=10'}

  rc@1.2.8:
    resolution: {integrity: sha512-y3bGgqKj3QBdxLbLkomlohkvsA8gdAiUQlSBJnBhfn+BPxg4bc62d8TcBW15wavDfgexCgccckhcZvywyQYPOw==, tarball: https://registry.npmjs.org/rc/-/rc-1.2.8.tgz}
    hasBin: true

  registry-auth-token@5.1.0:
    resolution: {integrity: sha512-GdekYuwLXLxMuFTwAPg5UKGLW/UXzQrZvH/Zj791BQif5T05T0RsaLfHc9q3ZOKi7n+BoprPD9mJ0O0k4xzUlw==, tarball: https://registry.npmjs.org/registry-auth-token/-/registry-auth-token-5.1.0.tgz}
    engines: {node: '>=14'}

  registry-url@6.0.1:
    resolution: {integrity: sha512-+crtS5QjFRqFCoQmvGduwYWEBng99ZvmFvF+cUJkGYF1L1BfU8C6Zp9T7f5vPAwyLkUExpvK+ANVZmGU49qi4Q==, tarball: https://registry.npmjs.org/registry-url/-/registry-url-6.0.1.tgz}
    engines: {node: '>=12'}

  require-from-string@2.0.2:
    resolution: {integrity: sha512-Xf0nWe6RseziFMu+Ap9biiUbmplq6S9/p+7w7YXP/JBHhrUDDUhwa+vANyubuqfZWTveU//DYVGsDG7RKL/vEw==, tarball: https://registry.npmjs.org/require-from-string/-/require-from-string-2.0.2.tgz}
    engines: {node: '>=0.10.0'}

  resolve-alpn@1.2.1:
    resolution: {integrity: sha512-0a1F4l73/ZFZOakJnQ3FvkJ2+gSTQWz/r2KE5OdDY0TxPm5h4GkqkWWfM47T7HsbnOtcJVEF4epCVy6u7Q3K+g==, tarball: https://registry.npmjs.org/resolve-alpn/-/resolve-alpn-1.2.1.tgz}

  resolve-from@4.0.0:
    resolution: {integrity: sha512-pb/MYmXstAkysRFx8piNI1tGFNQIFA3vkE3Gq4EuA1dF6gHp/+vgZqsCGJapvy8N3Q+4o7FwvquPJcnZ7RYy4g==, tarball: https://registry.npmjs.org/resolve-from/-/resolve-from-4.0.0.tgz}
    engines: {node: '>=4'}

  responselike@3.0.0:
    resolution: {integrity: sha512-40yHxbNcl2+rzXvZuVkrYohathsSJlMTXKryG5y8uciHv1+xDLHQpgjG64JUO9nrEq2jGLH6IZ8BcZyw3wrweg==, tarball: https://registry.npmjs.org/responselike/-/responselike-3.0.0.tgz}
    engines: {node: '>=14.16'}

  semver@7.8.5:
    resolution: {integrity: sha512-Y7/KDsb8LjooZpwaqGyulO6DQlksgCncchHGk+sZIY4SBvUocMBEFH5Ur1fI4dV+Jvl0w6cjvucaIi40puRioA==, tarball: https://registry.npmjs.org/semver/-/semver-7.8.5.tgz}
    engines: {node: '>=10'}
    hasBin: true

  shell-quote@1.10.0:
    resolution: {integrity: sha512-w1aiOKwKuRgtwAReIIj89puqg+I7GvX4IbLrvmhXbzQsj1+Zwi4VO3+fa6ZF91TWSjIxoEkKnMeHcLEODK5ZXA==, tarball: https://registry.npmjs.org/shell-quote/-/shell-quote-1.10.0.tgz}
    engines: {node: '>= 0.4'}

  sisteransi@1.0.5:
    resolution: {integrity: sha512-bLGGlR1QxBcynn2d5YmDX4MGjlZvy2MRBDRNHLJ8VI6l6+9FUiyTFNJ0IveOSP0bcXgVDPRcfGqA0pjaqUpfVg==, tarball: https://registry.npmjs.org/sisteransi/-/sisteransi-1.0.5.tgz}

  slice-ansi@4.0.0:
    resolution: {integrity: sha512-qMCMfhY040cVHT43K9BFygqYbUPFZKHOg7K73mtTWJRb8pyP3fzf4Ixd5SzdEJQ6MRUg/WBnOLxghZtKKurENQ==, tarball: https://registry.npmjs.org/slice-ansi/-/slice-ansi-4.0.0.tgz}
    engines: {node: '>=10'}

  solhint@6.2.4:
    resolution: {integrity: sha512-2hCfsDGcCit/4Ue0Bf3HxalxEaHM/rfoSf3rMVAQQ5NWWcVPS0F+RSqQzMEPc8Ta7r5L3DeaKyzmbjD5B2fUdg==, tarball: https://registry.npmjs.org/solhint/-/solhint-6.2.4.tgz}
    engines: {node: '>=20'}
    hasBin: true

  string-width@4.2.3:
    resolution: {integrity: sha512-wKyQRQpjJ0sIp62ErSZdGsjMJWsap5oRNihHhu6G7JVO/9jIB6UyevL+tXuOqrng8j/cxKTWyWUwvSTriiZz/g==, tarball: https://registry.npmjs.org/string-width/-/string-width-4.2.3.tgz}
    engines: {node: '>=8'}

  strip-ansi@6.0.1:
    resolution: {integrity: sha512-Y38VPSHcqkFrCpFnQ9vuSXmquuv5oXOKpGeT6aGrr3o3Gc9AlVa6JBfUSOCnbxGGZF+/0ooI7KrPuUSztUdU5A==, tarball: https://registry.npmjs.org/strip-ansi/-/strip-ansi-6.0.1.tgz}
    engines: {node: '>=8'}

  strip-json-comments@2.0.1:
    resolution: {integrity: sha512-4gB8na07fecVVkOI6Rs4e7T6NOTki5EmL7TUduTs6bu3EdnSycntVJ4re8kgZA+wx9IueI2Y11bfbgwtzuE0KQ==, tarball: https://registry.npmjs.org/strip-json-comments/-/strip-json-comments-2.0.1.tgz}
    engines: {node: '>=0.10.0'}

  supports-color@7.2.0:
    resolution: {integrity: sha512-qpCAvRl9stuOHveKsn7HncJRvv501qIacKzQlO/+Lwxc9+0q2wLyv4Dfvt80/DPn2pqOBsJdDiogXGR9+OvwRw==, tarball: https://registry.npmjs.org/supports-color/-/supports-color-7.2.0.tgz}
    engines: {node: '>=8'}

  table@6.9.0:
    resolution: {integrity: sha512-9kY+CygyYM6j02t5YFHbNz2FN5QmYGv9zAjVp4lCDjlCw7amdckXlEt/bjMhUIfj4ThGRE4gCUH5+yGnNuPo5A==, tarball: https://registry.npmjs.org/table/-/table-6.9.0.tgz}
    engines: {node: '>=10.0.0'}

  text-table@0.2.0:
    resolution: {integrity: sha512-N+8UisAXDGk8PFXP4HAzVR9nbfmVJ3zYLAWiTIoqC5v5isinhr+r5uaO8+7r3BMfuNIufIsA7RdpVgacC2cSpw==, tarball: https://registry.npmjs.org/text-table/-/text-table-0.2.0.tgz}

  tinyexec@1.3.0:
    resolution: {integrity: sha512-QKAl9m8gWWGHV8jZcPeym6j+XULi6tOf1mT83WYJ4Lk2ytW/uwAWkrP0uFsdoYMdueVJ0qs26wZ+23xeB4ibNQ==, tarball: https://registry.npmjs.org/tinyexec/-/tinyexec-1.3.0.tgz}
    engines: {node: '>=18'}

  tinyglobby@0.2.17:
    resolution: {integrity: sha512-wXR/dYpcqKmfWpEdZjiKJOwCNFndD0DMnrW/cYjVGttEkBfVgcLFHoNrlj47mjOVic9yyNu65alsgF4NQyTa2g==, tarball: https://registry.npmjs.org/tinyglobby/-/tinyglobby-0.2.17.tgz}
    engines: {node: '>=12.0.0'}

  yaml@2.9.0:
    resolution: {integrity: sha512-2AvhNX3mb8zd6Zy7INTtSpl1F15HW6Wnqj0srWlkKLcpYl/gMIMJiyuGq2KeI2YFxUPjdlB+3Lc10seMLtL4cA==, tarball: https://registry.npmjs.org/yaml/-/yaml-2.9.0.tgz}
    engines: {node: '>= 14.6'}
    hasBin: true

snapshots:

  '@babel/code-frame@7.27.1':
    dependencies:
      '@babel/helper-validator-identifier': 7.27.1
      js-tokens: 4.0.0
      picocolors: 1.1.1

  '@babel/helper-validator-identifier@7.27.1': {}

  '@chainlink/ace@1.0.0': {}

  '@chainlink/contracts@1.6.0-beta.0': {}

  '@chainlink/solhint-plugin-chainlink-solidity@https://codeload.github.com/smartcontractkit/chainlink-solhint-rules/tar.gz/1b4c0c2663fcd983589d4f33a2e73908624ed43c': {}

  '@changesets/apply-release-plan@8.0.0':
    dependencies:
      '@changesets/config': 4.0.0
      '@changesets/format': 0.1.2
      '@changesets/git': 4.0.0
      '@changesets/should-skip-package': 1.0.0
      '@changesets/types': 7.0.0
      import-meta-resolve: 4.2.0
      jsonc-parser: 3.3.1
      semver: 7.8.5

  '@changesets/assemble-release-plan@7.0.0':
    dependencies:
      '@changesets/errors': 1.0.0
      '@changesets/get-dependents-graph': 3.0.0
      '@changesets/should-skip-package': 1.0.0
      '@changesets/types': 7.0.0
      semver: 7.8.5

  '@changesets/changelog-git@1.0.0':
    dependencies:
      '@changesets/types': 7.0.0

  '@changesets/cli@3.0.1':
    dependencies:
      '@changesets/apply-release-plan': 8.0.0
      '@changesets/assemble-release-plan': 7.0.0
      '@changesets/changelog-git': 1.0.0
      '@changesets/config': 4.0.0
      '@changesets/errors': 1.0.0
      '@changesets/get-dependents-graph': 3.0.0
      '@changesets/git': 4.0.0
      '@changesets/pre': 3.0.0
      '@changesets/read': 1.0.0
      '@changesets/should-skip-package': 1.0.0
      '@changesets/types': 7.0.0
      '@changesets/write': 1.0.1
      '@clack/prompts': 1.7.0
      '@manypkg/get-packages': 3.1.0
      '@pnpm/deps.graph-sequencer': 1100.0.1
      cac: 7.0.0
      import-meta-resolve: 4.2.0
      launch-editor: 2.14.1
      package-manager-detector: 1.8.0
      semver: 7.8.5
      tinyexec: 1.3.0

  '@changesets/config@4.0.0':
    dependencies:
      '@changesets/get-dependents-graph': 3.0.0
      '@changesets/should-skip-package': 1.0.0
      '@changesets/types': 7.0.0
      '@manypkg/get-packages': 3.1.0
      picomatch: 4.0.5

  '@changesets/errors@1.0.0': {}

  '@changesets/format@0.1.2':
    dependencies:
      package-manager-detector: 1.8.0
      tinyexec: 1.3.0

  '@changesets/get-dependents-graph@3.0.0':
    dependencies:
      '@changesets/types': 7.0.0
      semver: 7.8.5

  '@changesets/get-github-info@1.0.0':
    dependencies:
      dataloader: 2.2.3

  '@changesets/git@4.0.0':
    dependencies:
      '@changesets/errors': 1.0.0
      '@changesets/types': 7.0.0
      '@manypkg/get-packages': 3.1.0
      picomatch: 4.0.5
      tinyexec: 1.3.0

  '@changesets/parse@1.0.0':
    dependencies:
      '@changesets/types': 7.0.0
      yaml: 2.9.0

  '@changesets/pre@3.0.0':
    dependencies:
      '@changesets/errors': 1.0.0
      '@changesets/types': 7.0.0
      '@manypkg/get-packages': 3.1.0

  '@changesets/read@1.0.0':
    dependencies:
      '@changesets/git': 4.0.0
      '@changesets/parse': 1.0.0
      '@changesets/types': 7.0.0

  '@changesets/should-skip-package@1.0.0':
    dependencies:
      '@changesets/types': 7.0.0

  '@changesets/types@7.0.0': {}

  '@changesets/write@1.0.1':
    dependencies:
      '@changesets/format': 0.1.2
      '@changesets/types': 7.0.0
      human-id: 4.2.1

  '@clack/core@1.4.3':
    dependencies:
      fast-wrap-ansi: 0.2.2
      sisteransi: 1.0.5

  '@clack/prompts@1.7.0':
    dependencies:
      '@clack/core': 1.4.3
      fast-string-width: 3.0.2
      fast-wrap-ansi: 0.2.2
      sisteransi: 1.0.5

  '@humanwhocodes/momoa@2.0.4': {}

  '@manypkg/find-root@3.1.0':
    dependencies:
      '@manypkg/tools': 2.1.2

  '@manypkg/get-packages@3.1.0':
    dependencies:
      '@manypkg/find-root': 3.1.0
      '@manypkg/tools': 2.1.2

  '@manypkg/tools@2.1.2':
    dependencies:
      jju: 1.4.0
      tinyglobby: 0.2.17
      yaml: 2.9.0

  '@openzeppelin/contracts@4.9.6': {}

  '@openzeppelin/contracts@5.3.0': {}

  '@pnpm/config.env-replace@1.1.0': {}

  '@pnpm/deps.graph-sequencer@1100.0.1': {}

  '@pnpm/network.ca-file@1.0.2':
    dependencies:
      graceful-fs: 4.2.10

  '@pnpm/npm-conf@2.3.1':
    dependencies:
      '@pnpm/config.env-replace': 1.1.0
      '@pnpm/network.ca-file': 1.0.2
      config-chain: 1.1.13

  '@sindresorhus/is@5.6.0': {}

  '@solidity-parser/parser@0.20.2': {}

  '@szmarczak/http-timer@5.0.1':
    dependencies:
      defer-to-connect: 2.0.1

  '@types/http-cache-semantics@4.0.4': {}

  ajv@8.20.0:
    dependencies:
      fast-deep-equal: 3.1.3
      fast-uri: 3.1.6
      json-schema-traverse: 1.0.0
      require-from-string: 2.0.2

  ansi-regex@5.0.1: {}

  ansi-styles@4.3.0:
    dependencies:
      color-convert: 2.0.1

  argparse@2.0.1: {}

  ast-parents@0.0.1: {}

  astral-regex@2.0.0: {}

  balanced-match@4.0.4: {}

  better-ajv-errors@2.0.2(ajv@8.20.0):
    dependencies:
      '@babel/code-frame': 7.27.1
      '@humanwhocodes/momoa': 2.0.4
      ajv: 8.20.0
      chalk: 4.1.2
      jsonpointer: 5.0.1
      leven: 3.1.0

  brace-expansion@5.0.9:
    dependencies:
      balanced-match: 4.0.4

  cac@7.0.0: {}

  cacheable-lookup@7.0.0: {}

  cacheable-request@10.2.14:
    dependencies:
      '@types/http-cache-semantics': 4.0.4
      get-stream: 6.0.1
      http-cache-semantics: 4.1.1
      keyv: 4.5.4
      mimic-response: 4.0.0
      normalize-url: 8.0.1
      responselike: 3.0.0

  callsites@3.1.0: {}

  chalk@4.1.2:
    dependencies:
      ansi-styles: 4.3.0
      supports-color: 7.2.0

  color-convert@2.0.1:
    dependencies:
      color-name: 1.1.4

  color-name@1.1.4: {}

  commander@10.0.1: {}

  config-chain@1.1.13:
    dependencies:
      ini: 1.3.8
      proto-list: 1.2.4

  cosmiconfig@8.3.6:
    dependencies:
      import-fresh: 3.3.1
      js-yaml: 4.3.1
      parse-json: 5.2.0
      path-type: 4.0.0

  dataloader@2.2.3: {}

  decompress-response@6.0.0:
    dependencies:
      mimic-response: 3.1.0

  deep-extend@0.6.0: {}

  defer-to-connect@2.0.1: {}

  emoji-regex@8.0.0: {}

  error-ex@1.3.2:
    dependencies:
      is-arrayish: 0.2.1

  fast-deep-equal@3.1.3: {}

  fast-diff@1.3.0: {}

  fast-string-truncated-width@3.0.3: {}

  fast-string-width@3.0.2:
    dependencies:
      fast-string-truncated-width: 3.0.3

  fast-uri@3.1.6: {}

  fast-wrap-ansi@0.2.2:
    dependencies:
      fast-string-width: 3.0.2

  fdir@6.5.0(picomatch@4.0.5):
    optionalDependencies:
      picomatch: 4.0.5

  forge-std@https://codeload.github.com/foundry-rs/forge-std/tar.gz/620536fa5277db4e3fd46772d5cbc1ea0696fb43: {}

  form-data-encoder@2.1.4: {}

  get-stream@6.0.1: {}

  glob@13.0.6:
    dependencies:
      minimatch: 10.2.5
      minipass: 7.1.3
      path-scurry: 2.0.2

  got@12.6.1:
    dependencies:
      '@sindresorhus/is': 5.6.0
      '@szmarczak/http-timer': 5.0.1
      cacheable-lookup: 7.0.0
      cacheable-request: 10.2.14
      decompress-response: 6.0.0
      form-data-encoder: 2.1.4
      get-stream: 6.0.1
      http2-wrapper: 2.2.1
      lowercase-keys: 3.0.0
      p-cancelable: 3.0.0
      responselike: 3.0.0

  graceful-fs@4.2.10: {}

  has-flag@4.0.0: {}

  http-cache-semantics@4.1.1: {}

  http2-wrapper@2.2.1:
    dependencies:
      quick-lru: 5.1.1
      resolve-alpn: 1.2.1

  human-id@4.2.1: {}

  ignore@5.3.2: {}

  import-fresh@3.3.1:
    dependencies:
      parent-module: 1.0.1
      resolve-from: 4.0.0

  import-meta-resolve@4.2.0: {}

  ini@1.3.8: {}

  is-arrayish@0.2.1: {}

  is-fullwidth-code-point@3.0.0: {}

  jju@1.4.0: {}

  js-tokens@4.0.0: {}

  js-yaml@4.3.1:
    dependencies:
      argparse: 2.0.1

  json-buffer@3.0.1: {}

  json-parse-even-better-errors@2.3.1: {}

  json-schema-traverse@1.0.0: {}

  jsonc-parser@3.3.1: {}

  jsonpointer@5.0.1: {}

  keyv@4.5.4:
    dependencies:
      json-buffer: 3.0.1

  latest-version@7.0.0:
    dependencies:
      package-json: 8.1.1

  launch-editor@2.14.1:
    dependencies:
      picocolors: 1.1.1
      shell-quote: 1.10.0

  leven@3.1.0: {}

  lines-and-columns@1.2.4: {}

  lodash.truncate@4.4.2: {}

  lodash@4.18.1: {}

  lowercase-keys@3.0.0: {}

  lru-cache@11.5.1: {}

  mimic-response@3.1.0: {}

  mimic-response@4.0.0: {}

  minimatch@10.2.5:
    dependencies:
      brace-expansion: 5.0.9

  minimist@1.2.8: {}

  minipass@7.1.3: {}

  normalize-url@8.0.1: {}

  p-cancelable@3.0.0: {}

  package-json@8.1.1:
    dependencies:
      got: 12.6.1
      registry-auth-token: 5.1.0
      registry-url: 6.0.1
      semver: 7.8.5

  package-manager-detector@1.8.0: {}

  parent-module@1.0.1:
    dependencies:
      callsites: 3.1.0

  parse-json@5.2.0:
    dependencies:
      '@babel/code-frame': 7.27.1
      error-ex: 1.3.2
      json-parse-even-better-errors: 2.3.1
      lines-and-columns: 1.2.4

  path-scurry@2.0.2:
    dependencies:
      lru-cache: 11.5.1
      minipass: 7.1.3

  path-type@4.0.0: {}

  picocolors@1.1.1: {}

  picomatch@4.0.5: {}

  pluralize@8.0.0: {}

  prettier@3.8.3:
    optional: true

  proto-list@1.2.4: {}

  quick-lru@5.1.1: {}

  rc@1.2.8:
    dependencies:
      deep-extend: 0.6.0
      ini: 1.3.8
      minimist: 1.2.8
      strip-json-comments: 2.0.1

  registry-auth-token@5.1.0:
    dependencies:
      '@pnpm/npm-conf': 2.3.1

  registry-url@6.0.1:
    dependencies:
      rc: 1.2.8

  require-from-string@2.0.2: {}

  resolve-alpn@1.2.1: {}

  resolve-from@4.0.0: {}

  responselike@3.0.0:
    dependencies:
      lowercase-keys: 3.0.0

  semver@7.8.5: {}

  shell-quote@1.10.0: {}

  sisteransi@1.0.5: {}

  slice-ansi@4.0.0:
    dependencies:
      ansi-styles: 4.3.0
      astral-regex: 2.0.0
      is-fullwidth-code-point: 3.0.0

  solhint@6.2.4:
    dependencies:
      '@solidity-parser/parser': 0.20.2
      ajv: 8.20.0
      ast-parents: 0.0.1
      better-ajv-errors: 2.0.2(ajv@8.20.0)
      chalk: 4.1.2
      commander: 10.0.1
      cosmiconfig: 8.3.6
      fast-diff: 1.3.0
      glob: 13.0.6
      ignore: 5.3.2
      js-yaml: 4.3.1
      latest-version: 7.0.0
      lodash: 4.18.1
      pluralize: 8.0.0
      semver: 7.8.5
      table: 6.9.0
      text-table: 0.2.0
    optionalDependencies:
      prettier: 3.8.3
    transitivePeerDependencies:
      - typescript

  string-width@4.2.3:
    dependencies:
      emoji-regex: 8.0.0
      is-fullwidth-code-point: 3.0.0
      strip-ansi: 6.0.1

  strip-ansi@6.0.1:
    dependencies:
      ansi-regex: 5.0.1

  strip-json-comments@2.0.1: {}

  supports-color@7.2.0:
    dependencies:
      has-flag: 4.0.0

  table@6.9.0:
    dependencies:
      ajv: 8.20.0
      lodash.truncate: 4.4.2
      slice-ansi: 4.0.0
      string-width: 4.2.3
      strip-ansi: 6.0.1

  text-table@0.2.0: {}

  tinyexec@1.3.0: {}

  tinyglobby@0.2.17:
    dependencies:
      fdir: 6.5.0(picomatch@4.0.5)
      picomatch: 4.0.5

  yaml@2.9.0: {}
